
Microsoft Visual Studio Solution File, Format Version 12.00
# Visual Studio 14
VisualStudioVersion = 14.0.25420.1
MinimumVisualStudioVersion = 10.0.40219.1
Project("{FAE04EC0-301F-11D3-BF4B-00C04F79EFBC}") = "BookService", "BookService\BookService.csproj", "{1163691F-1D7D-44D1-968E-365FFD4F63B9}"
EndProject
Project("{2150E333-8FDC-42A3-9474-1A3956D46DE8}") = "Solution Items", "Solution Items", "{087DA2D2-C599-47C5-8253-08F64C60CFAA}"
	ProjectSection(SolutionItems) = preProject
		Readme.txt = Readme.txt
	EndProjectSection
EndProject
Global
	GlobalSection(SolutionConfigurationPlatforms) = preSolution
		Debug|Any CPU = Debug|Any CPU
		Release|Any CPU = Release|Any CPU
	EndGlobalSection
	GlobalSection(ProjectConfigurationPlatforms) = postSolution
		{1163691F-1D7D-44D1-968E-365FFD4F63B9}.Debug|Any CPU.ActiveCfg = Debug|Any CPU
		{1163691F-1D7D-44D1-968E-365FFD4F63B9}.Debug|Any CPU.Build.0 = Debug|Any CPU
		{1163691F-1D7D-44D1-968E-365FFD4F63B9}.Release|Any CPU.ActiveCfg = Release|Any CPU
		{1163691F-1D7D-44D1-968E-365FFD4F63B9}.Release|Any CPU.Build.0 = Release|Any CPU
	EndGlobalSection
	GlobalSection(SolutionProperties) = preSolution
		HideSolutionNode = FALSE
	EndGlobalSection
EndGlobal
